
Microsoft Visual Studio Solution File, Format Version 12.00
# Visual Studio 2015
Project("{FAE04EC0-301F-11D3-BF4B-00C04F79EFBC}") = "NodeTest.CSharp", "NodeTest.CSharp.csproj", "{B16E8A91-E4B4-2486-7013-801BC91F0D22}"
EndProject
Project("{FAE04EC0-301F-11D3-BF4B-00C04F79EFBC}") = "NodeTest.CSharp.Editor", "NodeTest.CSharp.Editor.csproj", "{3506A66B-977B-B2C9-6CF0-0AFF8C30AB24}"
EndProject
Global
	GlobalSection(SolutionConfigurationPlatforms) = preSolution
		Debug|Any CPU = Debug|Any CPU
		Release|Any CPU = Release|Any CPU
	EndGlobalSection
	GlobalSection(ProjectConfigurationPlatforms) = postSolution
		{B16E8A91-E4B4-2486-7013-801BC91F0D22}.Debug|Any CPU.ActiveCfg = Debug|Any CPU
		{B16E8A91-E4B4-2486-7013-801BC91F0D22}.Debug|Any CPU.Build.0 = Debug|Any CPU
		{B16E8A91-E4B4-2486-7013-801BC91F0D22}.Release|Any CPU.ActiveCfg = Release|Any CPU
		{B16E8A91-E4B4-2486-7013-801BC91F0D22}.Release|Any CPU.Build.0 = Release|Any CPU
		{3506A66B-977B-B2C9-6CF0-0AFF8C30AB24}.Debug|Any CPU.ActiveCfg = Debug|Any CPU
		{3506A66B-977B-B2C9-6CF0-0AFF8C30AB24}.Debug|Any CPU.Build.0 = Debug|Any CPU
		{3506A66B-977B-B2C9-6CF0-0AFF8C30AB24}.Release|Any CPU.ActiveCfg = Release|Any CPU
		{3506A66B-977B-B2C9-6CF0-0AFF8C30AB24}.Release|Any CPU.Build.0 = Release|Any CPU
	EndGlobalSection
	GlobalSection(SolutionProperties) = preSolution
		HideSolutionNode = FALSE
	EndGlobalSection
EndGlobal
